
Microsoft Visual Studio Solution File, Format Version 12.00
# Visual Studio Version 17
VisualStudioVersion = 17.12.35728.132 d17.12
MinimumVisualStudioVersion = 10.0.40219.1
Project("{FAE04EC0-301F-11D3-BF4B-00C04F79EFBC}") = "Azure.Storage.QueueSendExample", "Azure.Storage.QueueSendExample\Azure.Storage.QueueSendExample.csproj", "{DFAFAC0B-EFAE-4A87-B2D9-3C63989A10D4}"
EndProject
Project("{FAE04EC0-301F-11D3-BF4B-00C04F79EFBC}") = "Azure.Storage.QueueReceiveExample", "..\Azure.Storage.QueueReceiveExample\Azure.Storage.QueueReceiveExample.csproj", "{BE80565B-F56D-41BF-9C85-34AAB87EB80A}"
EndProject
Global
	GlobalSection(SolutionConfigurationPlatforms) = preSolution
		Debug|Any CPU = Debug|Any CPU
		Release|Any CPU = Release|Any CPU
	EndGlobalSection
	GlobalSection(ProjectConfigurationPlatforms) = postSolution
		{DFAFAC0B-EFAE-4A87-B2D9-3C63989A10D4}.Debug|Any CPU.ActiveCfg = Debug|Any CPU
		{DFAFAC0B-EFAE-4A87-B2D9-3C63989A10D4}.Debug|Any CPU.Build.0 = Debug|Any CPU
		{DFAFAC0B-EFAE-4A87-B2D9-3C63989A10D4}.Release|Any CPU.ActiveCfg = Release|Any CPU
		{DFAFAC0B-EFAE-4A87-B2D9-3C63989A10D4}.Release|Any CPU.Build.0 = Release|Any CPU
		{BE80565B-F56D-41BF-9C85-34AAB87EB80A}.Debug|Any CPU.ActiveCfg = Debug|Any CPU
		{BE80565B-F56D-41BF-9C85-34AAB87EB80A}.Debug|Any CPU.Build.0 = Debug|Any CPU
		{BE80565B-F56D-41BF-9C85-34AAB87EB80A}.Release|Any CPU.ActiveCfg = Release|Any CPU
		{BE80565B-F56D-41BF-9C85-34AAB87EB80A}.Release|Any CPU.Build.0 = Release|Any CPU
	EndGlobalSection
	GlobalSection(SolutionProperties) = preSolution
		HideSolutionNode = FALSE
	EndGlobalSection
EndGlobal
