<Solution>
  <Folder Name="/Callback/">
    <Project Path="CallBackExample/CallBackExample.csproj" Id="59c21cd1-c1df-4e35-b084-69f8cb922e42" />
  </Folder>
  <Folder Name="/Events/">
    <Project Path="Events/EventHandlerExample/EventHandlerExample.csproj" Id="32dfa5d3-568b-47bd-9717-b792a0e451d9" />
    <Project Path="Events/EventHandlerPassingValuesExample/EventHandlerPassingValuesExample.csproj" Id="c3daaad5-058a-4e7e-9e11-b5b75d5ddd12" />
    <Project Path="Events/EventsExample/EventsExample.csproj" Id="2292dca7-d3d1-43af-b292-67e0fa0cd993" />
    <Project Path="Events/WindowsFormsExample/WindowsFormsExample.csproj" Id="ef5d944b-deb4-4631-8f65-13875a371029" />
  </Folder>
  <Folder Name="/ExtensionMethods/">
    <File Path="People.cs" />
    <Project Path="ExtensionMethods/ExtensionMethodsExample/ExtensionMethods.csproj" Id="1777d6bb-6dd4-4170-b540-3deee1718050" />
  </Folder>
  <Folder Name="/Unit Tests/">
    <Project Path="Unit Tests/CalculatorTests/CalculatorTests/CalculatorTests.csproj" Id="df9bf0a7-96b1-4fbd-a5ab-fe3c95b5c9b9" />
    <Project Path="Unit Tests/Uso de Calculator/CalculatorHandle/CalculatorHandle.csproj" Id="03bc4809-b395-4cfd-971e-5f38ab282729" />
    <Project Path="Unit Tests/Utilities/Utilities/Utilities.csproj" Id="bafe04c0-c3cc-4c42-92fb-402bdec1e220" />
  </Folder>
  <Project Path="AbstractClass/AbstractClass.csproj" Id="f199a485-9cf7-4206-a8a9-84e8f7b1943f" />
  <Project Path="AsynProgramming/AsynProgramming.csproj" Id="7be9c8d9-f315-405e-9c4d-898e65b3bf7f" />
  <Project Path="Generics01/Generics01.csproj" Id="4c5f324b-5b90-4b89-a985-7f36e869557b" />
  <Project Path="Generics02/Generics02.csproj" Id="ac89ff21-6ab4-4e76-b961-5c3b36809961" />
  <Project Path="Module22/Module22.csproj" Id="44e920b2-7cf2-4d80-9c2f-c0c877cdce74" />
  <Project Path="Module24/Module24.csproj" Id="f409efc0-9d62-4669-93d9-b92fc39f756c" />
  <Project Path="Module25/Module25.csproj" Id="e56b8f56-533f-41d5-82c2-7468b9a43705" />
  <Project Path="NETBasics/NETBasics.csproj" />
  <Project Path="SealedClass/SealedClass.csproj" Id="8692f318-371b-4682-b230-78858d746e83" />
</Solution>
