<Solution>
  <Folder Name="/Azure/">
    <Project Path="Azure/Message Services/Event Grid/EventGridReceiverAPI/EventGridSubscriberApi.csproj" />
    <Project Path="Azure/Message Services/Event Hub/EventHubsReceiver/EventHubsReceiver.csproj" />
    <Project Path="Azure/Message Services/Event Hub/EventHubsReceiverDemo/EventHubsReceiverDemo.csproj" />
    <Project Path="Azure/Message Services/Event Hub/EventHubsSender/EventHubsSender.csproj" />
    <Project Path="Azure/Message Services/Event Hub/EventHubsSenderDemo/EventHubsSenderDemo.csproj" />
  </Folder>
  <Folder Name="/Azure/CosmosDB/">
    <Project Path="CosmosDb/Azure.CosmosDB.PeopleCRUD/Azure.CosmosDB.PeopleCRUD.csproj" />
    <Project Path="CosmosDb/CosmosDbDemo/CosmosDbDemo.csproj" Id="d3a2c2e3-0d2d-433a-8295-19d6b22e0e09" />
    <Project Path="CosmosDb/CosmosNoSqlDemo/CosmosNoSqlDemo.csproj" Id="f08162b5-1b52-4126-b512-ab48b7c6f684" />
  </Folder>
  <Folder Name="/Azure/Functions/">
    <Project Path="Azure/Functions/AzureBlobTriggerFunction-1/AzureBlobTriggerFunction-1.csproj" Id="25111133-99c2-4158-ad2b-c4d92d9cb4eb" />
    <Project Path="Azure/Functions/AzureBlobTriggerFunction/AzureBlobTriggerFunction.csproj" />
    <Project Path="Azure/Functions/BlobTriggerDemo/BlobTriggerDemo.csproj" Id="a84f1363-264a-440a-bc14-2bfcb8d59915" />
    <Project Path="Azure/Functions/HttpTriggerDemo/HttpTriggerDemo-1/HttpTriggerDemo-1.csproj" Id="8ac00f67-b793-4d3a-862d-58ef004448c9" />
    <Project Path="Azure/Functions/HttpTriggerDemo/HttpTriggerDemo.csproj" Id="e0ca237c-d391-413e-b44a-46e26612468f" />
    <Project Path="Azure/Functions/HttpTriggerRequestsDemo/HttpTriggerRequestsDemo.csproj" Id="bf8803dc-17ac-43c6-bb61-f104f3621820" />
    <Project Path="Azure/Storage/Blob/BlobTriggerDemo-1/BlobTriggerDemo-1.csproj" Id="9c6516a0-2f98-419d-8d09-9a026230891e" />
  </Folder>
  <Folder Name="/Azure/Message Services/">
    <Project Path="Azure/Message Services/Event Grid/EventGridSendConsole/EventGridSendConsole.csproj" />
  </Folder>
  <Folder Name="/Azure/Message Services/Event Grid/">
    <Project Path="Azure/Message Services/Event Grid/EventGridReceiver/EventGridReceiver.csproj" />
    <Project Path="Azure/Message Services/Event Grid/EventGridSender/EventGridSender.csproj" Id="f29f2fb6-fbdf-4f85-aeb1-068f5cf886fe" />
  </Folder>
  <Folder Name="/Azure/Message Services/ServiceBus/" />
  <Folder Name="/Azure/Message Services/ServiceBus/Microservices/">
    <Project Path="Azure/Message Services/Service Bus/Microservices/Common.Bus/Common.Bus.csproj" />
    <Project Path="Azure/Message Services/Service Bus/Microservices/Inventory.Api/Inventory.Api.csproj" />
    <Project Path="Azure/Message Services/Service Bus/Microservices/Order.Api/Order.Api.csproj" />
  </Folder>
  <Folder Name="/Azure/Message Services/ServiceBus/Queue/">
    <Project Path="Azure/Message Services/Service Bus/Azure.ServiceBus.ReceiveSample/Azure.ServiceBus.ReceiveSample.csproj" />
    <Project Path="Azure/Message Services/Service Bus/Azure.ServiceBus.SendSample/Azure.ServiceBus.SendSample.csproj" />
  </Folder>
  <Folder Name="/Azure/Message Services/ServiceBus/Sessions/">
    <Project Path="Azure/Message Services/Service Bus/Sessions/TopicSubscriptionSessionDemo/TopicSubscriptionSessionDemo.csproj" Id="65a81e8b-9c6b-4261-bdba-16ef97ea8d93" />
    <Project Path="Azure/Message Services/Service Bus/Sessions/TopicSubscriptionSessionReceiveDemo/TopicSubscriptionSessionReceiveDemo.csproj" Id="9e82d900-bd65-4834-b163-7f7257445986" />
  </Folder>
  <Folder Name="/Azure/Message Services/ServiceBus/Topics Filter and Action/">
    <Project Path="Azure/Message Services/Service Bus/TopicsFiltersAndActionsWebApi/TopicsFiltersAndActionsWebApi.csproj" />
  </Folder>
  <Folder Name="/Azure/Message Services/ServiceBus/Topics introduction/">
    <Project Path="Azure/Message Services/Service Bus/Topics introduction/SubscriptionReceiver/SubscriptionReceiver.csproj" />
    <Project Path="Azure/Message Services/Service Bus/Topics introduction/TopicSender/TopicSender.csproj" />
  </Folder>
  <Folder Name="/Azure/Storage/" />
  <Folder Name="/Azure/Storage/Blob/">
    <Project Path="Azure/Storage/Blob/Azure.Storage.Blob.AuladiserService/Azure.Storage.Blob.AuladiserService.csproj" />
    <Project Path="Azure/Storage/Blob/AzureBlobStorageDemo/AzureBlobStorageDemo.API.csproj" />
  </Folder>
  <Folder Name="/Azure/Storage/Queue/">
    <Project Path="Azure/Storage/Queue/Azure.Storage.QueueReceiveExample/Azure.Storage.QueueReceiveExample.csproj" />
    <Project Path="Azure/Storage/Queue/Azure.Storage.QueueSendExample/Azure.Storage.QueueSendExample/Azure.Storage.QueueSendExample.csproj" />
  </Folder>
  <Folder Name="/Azure/Storage/Table/" />
  <Folder Name="/Azure/Storage/Table/DataSeeding/">
    <Project Path="Azure/Storage/NikiShop.Ecommerce.StorageDataSeeding/NikiShop.Ecommerce.StorageDataSeeding.csproj" Id="9e109a2d-9da3-48bd-afa0-60870b0c6057" />
  </Folder>
  <Folder Name="/Azure/Storage/Table/WebApi/">
    <Project Path="Azure/Storage/Table/NikiShop.Ecommerce.TableStorageWebApi/NikiShop.Ecommerce.TableStorageWebApi.csproj" />
  </Folder>
  <Project Path="AzureGithubDeploymentPOC/AzureGithubDeploymentPOC.csproj" />
  <Project Path="BlazorApp1/BlazorApp1.csproj" Id="5513c38b-5685-484c-a12b-88bccf945836" />
  <Project Path="BlazorApp2/BlazorApp2.csproj" Id="0b4be06e-3ff6-47d1-918c-a9aa2456e852" />
  <Project Path="NikiShop.Ecommerce.Wasm/NikiShop.Ecommerce.Wasm.csproj" />
  <Project Path="NikiShop.Ecommerce.WebApi/NikiShop.Ecommerce.WebApi.csproj" />
  <Project Path="NikiShop.Ecommerce.WebMvc/NikiShop.Ecommerce.WebMvc.csproj" />
</Solution>
